// !$*UTF8*$!
{
	archiveVersion = 1;
	classes = {
	};
	objectVersion = 55;
	objects = {

/* Begin PBXBuildFile section */
		86AC8A6928D99DC80065A673 /* ListelemeApp.swift in Sources */ = {isa = PBXBuildFile; fileRef = 86AC8A6828D99DC80065A673 /* ListelemeApp.swift */; };
		86AC8A6B28D99DC80065A673 /* ContentView.swift in Sources */ = {isa = PBXBuildFile; fileRef = 86AC8A6A28D99DC80065A673 /* ContentView.swift */; };
		86AC8A6D28D99DC90065A673 /* Assets.xcassets in Resources */ = {isa = PBXBuildFile; fileRef = 86AC8A6C28D99DC90065A673 /* Assets.xcassets */; };
		86AC8A7028D99DC90065A673 /* Preview Assets.xcassets in Resources */ = {isa = PBXBuildFile; fileRef = 86AC8A6F28D99DC90065A673 /* Preview Assets.xcassets */; };
		86AC8A7A28D99DC90065A673 /* ListelemeTests.swift in Sources */ = {isa = PBXBuildFile; fileRef = 86AC8A7928D99DC90065A673 /* ListelemeTests.swift */; };
		86AC8A8428D99DC90065A673 /* ListelemeUITests.swift in Sources */ = {isa = PBXBuildFile; fileRef = 86AC8A8328D99DC90065A673 /* ListelemeUITests.swift */; };
		86AC8A8628D99DC90065A673 /* ListelemeUITestsLaunchTests.swift in Sources */ = {isa = PBXBuildFile; fileRef = 86AC8A8528D99DC90065A673 /* ListelemeUITestsLaunchTests.swift */; };
		86AC8A9328D99DF40065A673 /* DetailView.swift in Sources */ = {isa = PBXBuildFile; fileRef = 86AC8A9228D99DF40065A673 /* DetailView.swift */; };
		86AC8A9528D99E090065A673 /* PopupView.swift in Sources */ = {isa = PBXBuildFile; fileRef = 86AC8A9428D99E090065A673 /* PopupView.swift */; };
/* End PBXBuildFile section */

/* Begin PBXContainerItemProxy section */
		86AC8A7628D99DC90065A673 /* PBXContainerItemProxy */ = {
			isa = PBXContainerItemProxy;
			containerPortal = 86AC8A5D28D99DC80065A673 /* Project object */;
			proxyType = 1;
			remoteGlobalIDString = 86AC8A6428D99DC80065A673;
			remoteInfo = Listeleme;
		};
		86AC8A8028D99DC90065A673 /* PBXContainerItemProxy */ = {
			isa = PBXContainerItemProxy;
			containerPortal = 86AC8A5D28D99DC80065A673 /* Project object */;
			proxyType = 1;
			remoteGlobalIDString = 86AC8A6428D99DC80065A673;
			remoteInfo = Listeleme;
		};
/* End PBXContainerItemProxy section */

/* Begin PBXFileReference section */
		86AC8A6528D99DC80065A673 /* Listeleme.app */ = {isa = PBXFileReference; explicitFileType = wrapper.application; includeInIndex = 0; path = Listeleme.app; sourceTree = BUILT_PRODUCTS_DIR; };
		86AC8A6828D99DC80065A673 /* ListelemeApp.swift */ = {isa = PBXFileReference; lastKnownFileType = sourcecode.swift; path = ListelemeApp.swift; sourceTree = "<group>"; };
		86AC8A6A28D99DC80065A673 /* ContentView.swift */ = {isa = PBXFileReference; lastKnownFileType = sourcecode.swift; path = ContentView.swift; sourceTree = "<group>"; };
		86AC8A6C28D99DC90065A673 /* Assets.xcassets */ = {isa = PBXFileReference; lastKnownFileType = folder.assetcatalog; path = Assets.xcassets; sourceTree = "<group>"; };
		86AC8A6F28D99DC90065A673 /* Preview Assets.xcassets */ = {isa = PBXFileReference; lastKnownFileType = folder.assetcatalog; path = "Preview Assets.xcassets"; sourceTree = "<group>"; };
		86AC8A7528D99DC90065A673 /* ListelemeTests.xctest */ = {isa = PBXFileReference; explicitFileType = wrapper.cfbundle; includeInIndex = 0; path = ListelemeTests.xctest; sourceTree = BUILT_PRODUCTS_DIR; };
		86AC8A7928D99DC90065A673 /* ListelemeTests.swift */ = {isa = PBXFileReference; lastKnownFileType = sourcecode.swift; path = ListelemeTests.swift; sourceTree = "<group>"; };
		86AC8A7F28D99DC90065A673 /* ListelemeUITests.xctest */ = {isa = PBXFileReference; explicitFileType = wrapper.cfbundle; includeInIndex = 0; path = ListelemeUITests.xctest; sourceTree = BUILT_PRODUCTS_DIR; };
		86AC8A8328D99DC90065A673 /* ListelemeUITests.swift */ = {isa = PBXFileReference; lastKnownFileType = sourcecode.swift; path = ListelemeUITests.swift; sourceTree = "<group>"; };
		86AC8A8528D99DC90065A673 /* ListelemeUITestsLaunchTests.swift */ = {isa = PBXFileReference; lastKnownFileType = sourcecode.swift; path = ListelemeUITestsLaunchTests.swift; sourceTree = "<group>"; };
		86AC8A9228D99DF40065A673 /* DetailView.swift */ = {isa = PBXFileReference; lastKnownFileType = sourcecode.swift; path = DetailView.swift; sourceTree = "<group>"; };
		86AC8A9428D99E090065A673 /* PopupView.swift */ = {isa = PBXFileReference; lastKnownFileType = sourcecode.swift; path = PopupView.swift; sourceTree = "<group>"; };
/* End PBXFileReference section */

/* Begin PBXFrameworksBuildPhase section */
		86AC8A6228D99DC80065A673 /* Frameworks */ = {
			isa = PBXFrameworksBuildPhase;
			buildActionMask = 2147483647;
			files = (
			);
			runOnlyForDeploymentPostprocessing = 0;
		};
		86AC8A7228D99DC90065A673 /* Frameworks */ = {
			isa = PBXFrameworksBuildPhase;
			buildActionMask = 2147483647;
			files = (
			);
			runOnlyForDeploymentPostprocessing = 0;
		};
		86AC8A7C28D99DC90065A673 /* Frameworks */ = {
			isa = PBXFrameworksBuildPhase;
			buildActionMask = 2147483647;
			files = (
			);
			runOnlyForDeploymentPostprocessing = 0;
		};
/* End PBXFrameworksBuildPhase section */

/* Begin PBXGroup section */
		86AC8A5C28D99DC80065A673 = {
			isa = PBXGroup;
			children = (
				86AC8A6728D99DC80065A673 /* Listeleme */,
				86AC8A7828D99DC90065A673 /* ListelemeTests */,
				86AC8A8228D99DC90065A673 /* ListelemeUITests */,
				86AC8A6628D99DC80065A673 /* Products */,
			);
			sourceTree = "<group>";
		};
		86AC8A6628D99DC80065A673 /* Products */ = {
			isa = PBXGroup;
			children = (
				86AC8A6528D99DC80065A673 /* Listeleme.app */,
				86AC8A7528D99DC90065A673 /* ListelemeTests.xctest */,
				86AC8A7F28D99DC90065A673 /* ListelemeUITests.xctest */,
			);
			name = Products;
			sourceTree = "<group>";
		};
		86AC8A6728D99DC80065A673 /* Listeleme */ = {
			isa = PBXGroup;
			children = (
				86AC8A6828D99DC80065A673 /* ListelemeApp.swift */,
				86AC8A6A28D99DC80065A673 /* ContentView.swift */,
				86AC8A6C28D99DC90065A673 /* Assets.xcassets */,
				86AC8A6E28D99DC90065A673 /* Preview Content */,
				86AC8A9228D99DF40065A673 /* DetailView.swift */,
				86AC8A9428D99E090065A673 /* PopupView.swift */,
			);
			path = Listeleme;
			sourceTree = "<group>";
		};
		86AC8A6E28D99DC90065A673 /* Preview Content */ = {
			isa = PBXGroup;
			children = (
				86AC8A6F28D99DC90065A673 /* Preview Assets.xcassets */,
			);
			path = "Preview Content";
			sourceTree = "<group>";
		};
		86AC8A7828D99DC90065A673 /* ListelemeTests */ = {
			isa = PBXGroup;
			children = (
				86AC8A7928D99DC90065A673 /* ListelemeTests.swift */,
			);
			path = ListelemeTests;
			sourceTree = "<group>";
		};
		86AC8A8228D99DC90065A673 /* ListelemeUITests */ = {
			isa = PBXGroup;
			children = (
				86AC8A8328D99DC90065A673 /* ListelemeUITests.swift */,
				86AC8A8528D99DC90065A673 /* ListelemeUITestsLaunchTests.swift */,
			);
			path = ListelemeUITests;
			sourceTree = "<group>";
		};
/* End PBXGroup section */

/* Begin PBXNativeTarget section */
		86AC8A6428D99DC80065A673 /* Listeleme */ = {
			isa = PBXNativeTarget;
			buildConfigurationList = 86AC8A8928D99DC90065A673 /* Build configuration list for PBXNativeTarget "Listeleme" */;
			buildPhases = (
				86AC8A6128D99DC80065A673 /* Sources */,
				86AC8A6228D99DC80065A673 /* Frameworks */,
				86AC8A6328D99DC80065A673 /* Resources */,
			);
			buildRules = (
			);
			dependencies = (
			);
			name = Listeleme;
			productName = Listeleme;
			productReference = 86AC8A6528D99DC80065A673 /* Listeleme.app */;
			productType = "com.apple.product-type.application";
		};
		86AC8A7428D99DC90065A673 /* ListelemeTests */ = {
			isa = PBXNativeTarget;
			buildConfigurationList = 86AC8A8C28D99DC90065A673 /* Build configuration list for PBXNativeTarget "ListelemeTests" */;
			buildPhases = (
				86AC8A7128D99DC90065A673 /* Sources */,
				86AC8A7228D99DC90065A673 /* Frameworks */,
				86AC8A7328D99DC90065A673 /* Resources */,
			);
			buildRules = (
			);
			dependencies = (
				86AC8A7728D99DC90065A673 /* PBXTargetDependency */,
			);
			name = ListelemeTests;
			productName = ListelemeTests;
			productReference = 86AC8A7528D99DC90065A673 /* ListelemeTests.xctest */;
			productType = "com.apple.product-type.bundle.unit-test";
		};
		86AC8A7E28D99DC90065A673 /* ListelemeUITests */ = {
			isa = PBXNativeTarget;
			buildConfigurationList = 86AC8A8F28D99DC90065A673 /* Build configuration list for PBXNativeTarget "ListelemeUITests" */;
			buildPhases = (
				86AC8A7B28D99DC90065A673 /* Sources */,
				86AC8A7C28D99DC90065A673 /* Frameworks */,
				86AC8A7D28D99DC90065A673 /* Resources */,
			);
			buildRules = (
			);
			dependencies = (
				86AC8A8128D99DC90065A673 /* PBXTargetDependency */,
			);
			name = ListelemeUITests;
			productName = ListelemeUITests;
			productReference = 86AC8A7F28D99DC90065A673 /* ListelemeUITests.xctest */;
			productType = "com.apple.product-type.bundle.ui-testing";
		};
/* End PBXNativeTarget section */

/* Begin PBXProject section */
		86AC8A5D28D99DC80065A673 /* Project object */ = {
			isa = PBXProject;
			attributes = {
				BuildIndependentTargetsInParallel = 1;
				LastSwiftUpdateCheck = 1340;
				LastUpgradeCheck = 1340;
				TargetAttributes = {
					86AC8A6428D99DC80065A673 = {
						CreatedOnToolsVersion = 13.4.1;
					};
					86AC8A7428D99DC90065A673 = {
						CreatedOnToolsVersion = 13.4.1;
						TestTargetID = 86AC8A6428D99DC80065A673;
					};
					86AC8A7E28D99DC90065A673 = {
						CreatedOnToolsVersion = 13.4.1;
						TestTargetID = 86AC8A6428D99DC80065A673;
					};
				};
			};
			buildConfigurationList = 86AC8A6028D99DC80065A673 /* Build configuration list for PBXProject "Listeleme" */;
			compatibilityVersion = "Xcode 13.0";
			developmentRegion = en;
			hasScannedForEncodings = 0;
			knownRegions = (
				en,
				Base,
			);
			mainGroup = 86AC8A5C28D99DC80065A673;
			productRefGroup = 86AC8A6628D99DC80065A673 /* Products */;
			projectDirPath = "";
			projectRoot = "";
			targets = (
				86AC8A6428D99DC80065A673 /* Listeleme */,
				86AC8A7428D99DC90065A673 /* ListelemeTests */,
				86AC8A7E28D99DC90065A673 /* ListelemeUITests */,
			);
		};
/* End PBXProject section */

/* Begin PBXResourcesBuildPhase section */
		86AC8A6328D99DC80065A673 /* Resources */ = {
			isa = PBXResourcesBuildPhase;
			buildActionMask = 2147483647;
			files = (
				86AC8A7028D99DC90065A673 /* Preview Assets.xcassets in Resources */,
				86AC8A6D28D99DC90065A673 /* Assets.xcassets in Resources */,
			);
			runOnlyForDeploymentPostprocessing = 0;
		};
		86AC8A7328D99DC90065A673 /* Resources */ = {
			isa = PBXResourcesBuildPhase;
			buildActionMask = 2147483647;
			files = (
			);
			runOnlyForDeploymentPostprocessing = 0;
		};
		86AC8A7D28D99DC90065A673 /* Resources */ = {
			isa = PBXResourcesBuildPhase;
			buildActionMask = 2147483647;
			files = (
			);
			runOnlyForDeploymentPostprocessing = 0;
		};
/* End PBXResourcesBuildPhase section */

/* Begin PBXSourcesBuildPhase section */
		86AC8A6128D99DC80065A673 /* Sources */ = {
			isa = PBXSourcesBuildPhase;
			buildActionMask = 2147483647;
			files = (
				86AC8A6B28D99DC80065A673 /* ContentView.swift in Sources */,
				86AC8A9528D99E090065A673 /* PopupView.swift in Sources */,
				86AC8A9328D99DF40065A673 /* DetailView.swift in Sources */,
				86AC8A6928D99DC80065A673 /* ListelemeApp.swift in Sources */,
			);
			runOnlyForDeploymentPostprocessing = 0;
		};
		86AC8A7128D99DC90065A673 /* Sources */ = {
			isa = PBXSourcesBuildPhase;
			buildActionMask = 2147483647;
			files = (
				86AC8A7A28D99DC90065A673 /* ListelemeTests.swift in Sources */,
			);
			runOnlyForDeploymentPostprocessing = 0;
		};
		86AC8A7B28D99DC90065A673 /* Sources */ = {
			isa = PBXSourcesBuildPhase;
			buildActionMask = 2147483647;
			files = (
				86AC8A8428D99DC90065A673 /* ListelemeUITests.swift in Sources */,
				86AC8A8628D99DC90065A673 /* ListelemeUITestsLaunchTests.swift in Sources */,
			);
			runOnlyForDeploymentPostprocessing = 0;
		};
/* End PBXSourcesBuildPhase section */

/* Begin PBXTargetDependency section */
		86AC8A7728D99DC90065A673 /* PBXTargetDependency */ = {
			isa = PBXTargetDependency;
			target = 86AC8A6428D99DC80065A673 /* Listeleme */;
			targetProxy = 86AC8A7628D99DC90065A673 /* PBXContainerItemProxy */;
		};
		86AC8A8128D99DC90065A673 /* PBXTargetDependency */ = {
			isa = PBXTargetDependency;
			target = 86AC8A6428D99DC80065A673 /* Listeleme */;
			targetProxy = 86AC8A8028D99DC90065A673 /* PBXContainerItemProxy */;
		};
/* End PBXTargetDependency section */

/* Begin XCBuildConfiguration section */
		86AC8A8728D99DC90065A673 /* Debug */ = {
			isa = XCBuildConfiguration;
			buildSettings = {
				ALWAYS_SEARCH_USER_PATHS = NO;
				CLANG_ANALYZER_NONNULL = YES;
				CLANG_ANALYZER_NUMBER_OBJECT_CONVERSION = YES_AGGRESSIVE;
				CLANG_CXX_LANGUAGE_STANDARD = "gnu++17";
				CLANG_ENABLE_MODULES = YES;
				CLANG_ENABLE_OBJC_ARC = YES;
				CLANG_ENABLE_OBJC_WEAK = YES;
				CLANG_WARN_BLOCK_CAPTURE_AUTORELEASING = YES;
				CLANG_WARN_BOOL_CONVERSION = YES;
				CLANG_WARN_COMMA = YES;
				CLANG_WARN_CONSTANT_CONVERSION = YES;
				CLANG_WARN_DEPRECATED_OBJC_IMPLEMENTATIONS = YES;
				CLANG_WARN_DIRECT_OBJC_ISA_USAGE = YES_ERROR;
				CLANG_WARN_DOCUMENTATION_COMMENTS = YES;
				CLANG_WARN_EMPTY_BODY = YES;
				CLANG_WARN_ENUM_CONVERSION = YES;
				CLANG_WARN_INFINITE_RECURSION = YES;
				CLANG_WARN_INT_CONVERSION = YES;
				CLANG_WARN_NON_LITERAL_NULL_CONVERSION = YES;
				CLANG_WARN_OBJC_IMPLICIT_RETAIN_SELF = YES;
				CLANG_WARN_OBJC_LITERAL_CONVERSION = YES;
				CLANG_WARN_OBJC_ROOT_CLASS = YES_ERROR;
				CLANG_WARN_QUOTED_INCLUDE_IN_FRAMEWORK_HEADER = YES;
				CLANG_WARN_RANGE_LOOP_ANALYSIS = YES;
				CLANG_WARN_STRICT_PROTOTYPES = YES;
				CLANG_WARN_SUSPICIOUS_MOVE = YES;
				CLANG_WARN_UNGUARDED_AVAILABILITY = YES_AGGRESSIVE;
				CLANG_WARN_UNREACHABLE_CODE = YES;
				CLANG_WARN__DUPLICATE_METHOD_MATCH = YES;
				COPY_PHASE_STRIP = NO;
				DEBUG_INFORMATION_FORMAT = dwarf;
				ENABLE_STRICT_OBJC_MSGSEND = YES;
				ENABLE_TESTABILITY = YES;
				GCC_C_LANGUAGE_STANDARD = gnu11;
				GCC_DYNAMIC_NO_PIC = NO;
				GCC_NO_COMMON_BLOCKS = YES;
				GCC_OPTIMIZATION_LEVEL = 0;
				GCC_PREPROCESSOR_DEFINITIONS = (
					"DEBUG=1",
					"$(inherited)",
				);
				GCC_WARN_64_TO_32_BIT_CONVERSION = YES;
				GCC_WARN_ABOUT_RETURN_TYPE = YES_ERROR;
				GCC_WARN_UNDECLARED_SELECTOR = YES;
				GCC_WARN_UNINITIALIZED_AUTOS = YES_AGGRESSIVE;
				GCC_WARN_UNUSED_FUNCTION = YES;
				GCC_WARN_UNUSED_VARIABLE = YES;
				IPHONEOS_DEPLOYMENT_TARGET = 15.5;
				MTL_ENABLE_DEBUG_INFO = INCLUDE_SOURCE;
				MTL_FAST_MATH = YES;
				ONLY_ACTIVE_ARCH = YES;
				SDKROOT = iphoneos;
				SWIFT_ACTIVE_COMPILATION_CONDITIONS = DEBUG;
				SWIFT_OPTIMIZATION_LEVEL = "-Onone";
			};
			name = Debug;
		};
		86AC8A8828D99DC90065A673 /* Release */ = {
			isa = XCBuildConfiguration;
			buildSettings = {
				ALWAYS_SEARCH_USER_PATHS = NO;
				CLANG_ANALYZER_NONNULL = YES;
				CLANG_ANALYZER_NUMBER_OBJECT_CONVERSION = YES_AGGRESSIVE;
				CLANG_CXX_LANGUAGE_STANDARD = "gnu++17";
				CLANG_ENABLE_MODULES = YES;
				CLANG_ENABLE_OBJC_ARC = YES;
				CLANG_ENABLE_OBJC_WEAK = YES;
				CLANG_WARN_BLOCK_CAPTURE_AUTORELEASING = YES;
				CLANG_WARN_BOOL_CONVERSION = YES;
				CLANG_WARN_COMMA = YES;
				CLANG_WARN_CONSTANT_CONVERSION = YES;
				CLANG_WARN_DEPRECATED_OBJC_IMPLEMENTATIONS = YES;
				CLANG_WARN_DIRECT_OBJC_ISA_USAGE = YES_ERROR;
				CLANG_WARN_DOCUMENTATION_COMMENTS = YES;
				CLANG_WARN_EMPTY_BODY = YES;
				CLANG_WARN_ENUM_CONVERSION = YES;
				CLANG_WARN_INFINITE_RECURSION = YES;
				CLANG_WARN_INT_CONVERSION = YES;
				CLANG_WARN_NON_LITERAL_NULL_CONVERSION = YES;
				CLANG_WARN_OBJC_IMPLICIT_RETAIN_SELF = YES;
				CLANG_WARN_OBJC_LITERAL_CONVERSION = YES;
				CLANG_WARN_OBJC_ROOT_CLASS = YES_ERROR;
				CLANG_WARN_QUOTED_INCLUDE_IN_FRAMEWORK_HEADER = YES;
				CLANG_WARN_RANGE_LOOP_ANALYSIS = YES;
				CLANG_WARN_STRICT_PROTOTYPES = YES;
				CLANG_WARN_SUSPICIOUS_MOVE = YES;
				CLANG_WARN_UNGUARDED_AVAILABILITY = YES_AGGRESSIVE;
				CLANG_WARN_UNREACHABLE_CODE = YES;
				CLANG_WARN__DUPLICATE_METHOD_MATCH = YES;
				COPY_PHASE_STRIP = NO;
				DEBUG_INFORMATION_FORMAT = "dwarf-with-dsym";
				ENABLE_NS_ASSERTIONS = NO;
				ENABLE_STRICT_OBJC_MSGSEND = YES;
				GCC_C_LANGUAGE_STANDARD = gnu11;
				GCC_NO_COMMON_BLOCKS = YES;
				GCC_WARN_64_TO_32_BIT_CONVERSION = YES;
				GCC_WARN_ABOUT_RETURN_TYPE = YES_ERROR;
				GCC_WARN_UNDECLARED_SELECTOR = YES;
				GCC_WARN_UNINITIALIZED_AUTOS = YES_AGGRESSIVE;
				GCC_WARN_UNUSED_FUNCTION = YES;
				GCC_WARN_UNUSED_VARIABLE = YES;
				IPHONEOS_DEPLOYMENT_TARGET = 15.5;
				MTL_ENABLE_DEBUG_INFO = NO;
				MTL_FAST_MATH = YES;
				SDKROOT = iphoneos;
				SWIFT_COMPILATION_MODE = wholemodule;
				SWIFT_OPTIMIZATION_LEVEL = "-O";
				VALIDATE_PRODUCT = YES;
			};
			name = Release;
		};
		86AC8A8A28D99DC90065A673 /* Debug */ = {
			isa = XCBuildConfiguration;
			buildSettings = {
				ASSETCATALOG_COMPILER_APPICON_NAME = AppIcon;
				ASSETCATALOG_COMPILER_GLOBAL_ACCENT_COLOR_NAME = AccentColor;
				CODE_SIGN_STYLE = Automatic;
				CURRENT_PROJECT_VERSION = 1;
				DEVELOPMENT_ASSET_PATHS = "\"Listeleme/Preview Content\"";
				DEVELOPMENT_TEAM = TCM282M2P3;
				ENABLE_PREVIEWS = YES;
				GENERATE_INFOPLIST_FILE = YES;
				INFOPLIST_KEY_UIApplicationSceneManifest_Generation = YES;
				INFOPLIST_KEY_UIApplicationSupportsIndirectInputEvents = YES;
				INFOPLIST_KEY_UILaunchScreen_Generation = YES;
				INFOPLIST_KEY_UISupportedInterfaceOrientations_iPad = "UIInterfaceOrientationPortrait UIInterfaceOrientationPortraitUpsideDown UIInterfaceOrientationLandscapeLeft UIInterfaceOrientationLandscapeRight";
				INFOPLIST_KEY_UISupportedInterfaceOrientations_iPhone = "UIInterfaceOrientationPortrait UIInterfaceOrientationLandscapeLeft UIInterfaceOrientationLandscapeRight";
				LD_RUNPATH_SEARCH_PATHS = (
					"$(inherited)",
					"@executable_path/Frameworks",
				);
				MARKETING_VERSION = 1.0;
				PRODUCT_BUNDLE_IDENTIFIER = info.Listeleme;
				PRODUCT_NAME = "$(TARGET_NAME)";
				SWIFT_EMIT_LOC_STRINGS = YES;
				SWIFT_VERSION = 5.0;
				TARGETED_DEVICE_FAMILY = "1,2";
			};
			name = Debug;
		};
		86AC8A8B28D99DC90065A673 /* Release */ = {
			isa = XCBuildConfiguration;
			buildSettings = {
				ASSETCATALOG_COMPILER_APPICON_NAME = AppIcon;
				ASSETCATALOG_COMPILER_GLOBAL_ACCENT_COLOR_NAME = AccentColor;
				CODE_SIGN_STYLE = Automatic;
				CURRENT_PROJECT_VERSION = 1;
				DEVELOPMENT_ASSET_PATHS = "\"Listeleme/Preview Content\"";
				DEVELOPMENT_TEAM = TCM282M2P3;
				ENABLE_PREVIEWS = YES;
				GENERATE_INFOPLIST_FILE = YES;
				INFOPLIST_KEY_UIApplicationSceneManifest_Generation = YES;
				INFOPLIST_KEY_UIApplicationSupportsIndirectInputEvents = YES;
				INFOPLIST_KEY_UILaunchScreen_Generation = YES;
				INFOPLIST_KEY_UISupportedInterfaceOrientations_iPad = "UIInterfaceOrientationPortrait UIInterfaceOrientationPortraitUpsideDown UIInterfaceOrientationLandscapeLeft UIInterfaceOrientationLandscapeRight";
				INFOPLIST_KEY_UISupportedInterfaceOrientations_iPhone = "UIInterfaceOrientationPortrait UIInterfaceOrientationLandscapeLeft UIInterfaceOrientationLandscapeRight";
				LD_RUNPATH_SEARCH_PATHS = (
					"$(inherited)",
					"@executable_path/Frameworks",
				);
				MARKETING_VERSION = 1.0;
				PRODUCT_BUNDLE_IDENTIFIER = info.Listeleme;
				PRODUCT_NAME = "$(TARGET_NAME)";
				SWIFT_EMIT_LOC_STRINGS = YES;
				SWIFT_VERSION = 5.0;
				TARGETED_DEVICE_FAMILY = "1,2";
			};
			name = Release;
		};
		86AC8A8D28D99DC90065A673 /* Debug */ = {
			isa = XCBuildConfiguration;
			buildSettings = {
				ALWAYS_EMBED_SWIFT_STANDARD_LIBRARIES = YES;
				BUNDLE_LOADER = "$(TEST_HOST)";
				CODE_SIGN_STYLE = Automatic;
				CURRENT_PROJECT_VERSION = 1;
				DEVELOPMENT_TEAM = TCM282M2P3;
				GENERATE_INFOPLIST_FILE = YES;
				IPHONEOS_DEPLOYMENT_TARGET = 15.5;
				MARKETING_VERSION = 1.0;
				PRODUCT_BUNDLE_IDENTIFIER = info.ListelemeTests;
				PRODUCT_NAME = "$(TARGET_NAME)";
				SWIFT_EMIT_LOC_STRINGS = NO;
				SWIFT_VERSION = 5.0;
				TARGETED_DEVICE_FAMILY = "1,2";
				TEST_HOST = "$(BUILT_PRODUCTS_DIR)/Listeleme.app/Listeleme";
			};
			name = Debug;
		};
		86AC8A8E28D99DC90065A673 /* Release */ = {
			isa = XCBuildConfiguration;
			buildSettings = {
				ALWAYS_EMBED_SWIFT_STANDARD_LIBRARIES = YES;
				BUNDLE_LOADER = "$(TEST_HOST)";
				CODE_SIGN_STYLE = Automatic;
				CURRENT_PROJECT_VERSION = 1;
				DEVELOPMENT_TEAM = TCM282M2P3;
				GENERATE_INFOPLIST_FILE = YES;
				IPHONEOS_DEPLOYMENT_TARGET = 15.5;
				MARKETING_VERSION = 1.0;
				PRODUCT_BUNDLE_IDENTIFIER = info.ListelemeTests;
				PRODUCT_NAME = "$(TARGET_NAME)";
				SWIFT_EMIT_LOC_STRINGS = NO;
				SWIFT_VERSION = 5.0;
				TARGETED_DEVICE_FAMILY = "1,2";
				TEST_HOST = "$(BUILT_PRODUCTS_DIR)/Listeleme.app/Listeleme";
			};
			name = Release;
		};
		86AC8A9028D99DC90065A673 /* Debug */ = {
			isa = XCBuildConfiguration;
			buildSettings = {
				ALWAYS_EMBED_SWIFT_STANDARD_LIBRARIES = YES;
				CODE_SIGN_STYLE = Automatic;
				CURRENT_PROJECT_VERSION = 1;
				DEVELOPMENT_TEAM = TCM282M2P3;
				GENERATE_INFOPLIST_FILE = YES;
				MARKETING_VERSION = 1.0;
				PRODUCT_BUNDLE_IDENTIFIER = info.ListelemeUITests;
				PRODUCT_NAME = "$(TARGET_NAME)";
				SWIFT_EMIT_LOC_STRINGS = NO;
				SWIFT_VERSION = 5.0;
				TARGETED_DEVICE_FAMILY = "1,2";
				TEST_TARGET_NAME = Listeleme;
			};
			name = Debug;
		};
		86AC8A9128D99DC90065A673 /* Release */ = {
			isa = XCBuildConfiguration;
			buildSettings = {
				ALWAYS_EMBED_SWIFT_STANDARD_LIBRARIES = YES;
				CODE_SIGN_STYLE = Automatic;
				CURRENT_PROJECT_VERSION = 1;
				DEVELOPMENT_TEAM = TCM282M2P3;
				GENERATE_INFOPLIST_FILE = YES;
				MARKETING_VERSION = 1.0;
				PRODUCT_BUNDLE_IDENTIFIER = info.ListelemeUITests;
				PRODUCT_NAME = "$(TARGET_NAME)";
				SWIFT_EMIT_LOC_STRINGS = NO;
				SWIFT_VERSION = 5.0;
				TARGETED_DEVICE_FAMILY = "1,2";
				TEST_TARGET_NAME = Listeleme;
			};
			name = Release;
		};
/* End XCBuildConfiguration section */

/* Begin XCConfigurationList section */
		86AC8A6028D99DC80065A673 /* Build configuration list for PBXProject "Listeleme" */ = {
			isa = XCConfigurationList;
			buildConfigurations = (
				86AC8A8728D99DC90065A673 /* Debug */,
				86AC8A8828D99DC90065A673 /* Release */,
			);
			defaultConfigurationIsVisible = 0;
			defaultConfigurationName = Release;
		};
		86AC8A8928D99DC90065A673 /* Build configuration list for PBXNativeTarget "Listeleme" */ = {
			isa = XCConfigurationList;
			buildConfigurations = (
				86AC8A8A28D99DC90065A673 /* Debug */,
				86AC8A8B28D99DC90065A673 /* Release */,
			);
			defaultConfigurationIsVisible = 0;
			defaultConfigurationName = Release;
		};
		86AC8A8C28D99DC90065A673 /* Build configuration list for PBXNativeTarget "ListelemeTests" */ = {
			isa = XCConfigurationList;
			buildConfigurations = (
				86AC8A8D28D99DC90065A673 /* Debug */,
				86AC8A8E28D99DC90065A673 /* Release */,
			);
			defaultConfigurationIsVisible = 0;
			defaultConfigurationName = Release;
		};
		86AC8A8F28D99DC90065A673 /* Build configuration list for PBXNativeTarget "ListelemeUITests" */ = {
			isa = XCConfigurationList;
			buildConfigurations = (
				86AC8A9028D99DC90065A673 /* Debug */,
				86AC8A9128D99DC90065A673 /* Release */,
			);
			defaultConfigurationIsVisible = 0;
			defaultConfigurationName = Release;
		};
/* End XCConfigurationList section */
	};
	rootObject = 86AC8A5D28D99DC80065A673 /* Project object */;
}
